
Microsoft Visual Studio Solution File, Format Version 12.00
# Visual Studio 15
VisualStudioVersion = 15.0.27703.2042
MinimumVisualStudioVersion = 10.0.40219.1
Project("{2150E333-8FDC-42A3-9474-1A3956D46DE8}") = "Common", "Common", "{A8F9035E-8102-439B-B8B4-58E334723DAC}"
EndProject
Project("{2150E333-8FDC-42A3-9474-1A3956D46DE8}") = "Domain 应用服务", "Domain 应用服务", "{FF7C1071-116A-4BD9-9210-21A42FEA0547}"
EndProject
Project("{FAE04EC0-301F-11D3-BF4B-00C04F79EFBC}") = "WMSOSPS.Cloud.Cache", "WMSOSPS.Cloud.Cache\WMSOSPS.Cloud.Cache.csproj", "{F96FC4E8-9A1A-4EC4-A915-2A1023585A9A}"
EndProject
Project("{FAE04EC0-301F-11D3-BF4B-00C04F79EFBC}") = "WMSOSPS.Cloud.Code", "WMSOSPS.Cloud.Code\WMSOSPS.Cloud.Code.csproj", "{01C72F22-39D8-4104-B8EC-85D9E88310E0}"
EndProject
Project("{FAE04EC0-301F-11D3-BF4B-00C04F79EFBC}") = "WMSOSPS.Cloud.Data", "WMSOSPS.Cloud.Data\WMSOSPS.Cloud.Data.csproj", "{E3C0A08A-56DA-4332-B507-C1520E1699E5}"
EndProject
Project("{FAE04EC0-301F-11D3-BF4B-00C04F79EFBC}") = "WMSOSPS.Cloud.Application", "WMSOSPS.Cloud.Application\WMSOSPS.Cloud.Application.csproj", "{76D0BB93-EDD3-4479-A05C-3D7D5D66E0B5}"
EndProject
Project("{FAE04EC0-301F-11D3-BF4B-00C04F79EFBC}") = "WMSOSPS.Cloud.Domain", "WMSOSPS.Cloud.Domain\WMSOSPS.Cloud.Domain.csproj", "{34AE480E-538E-49A6-AB0F-B09D922193EE}"
EndProject
Project("{FAE04EC0-301F-11D3-BF4B-00C04F79EFBC}") = "WMSOSPS.Cloud.Mapping", "WMSOSPS.Cloud.Mapping\WMSOSPS.Cloud.Mapping.csproj", "{CF719FA2-1900-4000-810C-BAC8C93664D7}"
EndProject
Project("{FAE04EC0-301F-11D3-BF4B-00C04F79EFBC}") = "WMSOSPS.Cloud.Repository", "WMSOSPS.Cloud.Repository\WMSOSPS.Cloud.Repository.csproj", "{4507E506-D165-4456-9672-910DB9580A50}"
EndProject
Project("{2150E333-8FDC-42A3-9474-1A3956D46DE8}") = "Web 应用程序", "Web 应用程序", "{C086F07D-6A57-4126-89F2-D48FF8107A60}"
EndProject
Project("{FAE04EC0-301F-11D3-BF4B-00C04F79EFBC}") = "WMSOSPS.Cloud.Web", "WMSOSPS.Cloud.Web\WMSOSPS.Cloud.Web.csproj", "{BF53C1D1-A6AC-413F-8F2B-01918382350A}"
EndProject
Global
	GlobalSection(SolutionConfigurationPlatforms) = preSolution
		Debug|Any CPU = Debug|Any CPU
		Release|Any CPU = Release|Any CPU
	EndGlobalSection
	GlobalSection(ProjectConfigurationPlatforms) = postSolution
		{F96FC4E8-9A1A-4EC4-A915-2A1023585A9A}.Debug|Any CPU.ActiveCfg = Debug|Any CPU
		{F96FC4E8-9A1A-4EC4-A915-2A1023585A9A}.Debug|Any CPU.Build.0 = Debug|Any CPU
		{F96FC4E8-9A1A-4EC4-A915-2A1023585A9A}.Release|Any CPU.ActiveCfg = Release|Any CPU
		{F96FC4E8-9A1A-4EC4-A915-2A1023585A9A}.Release|Any CPU.Build.0 = Release|Any CPU
		{01C72F22-39D8-4104-B8EC-85D9E88310E0}.Debug|Any CPU.ActiveCfg = Debug|Any CPU
		{01C72F22-39D8-4104-B8EC-85D9E88310E0}.Debug|Any CPU.Build.0 = Debug|Any CPU
		{01C72F22-39D8-4104-B8EC-85D9E88310E0}.Release|Any CPU.ActiveCfg = Release|Any CPU
		{01C72F22-39D8-4104-B8EC-85D9E88310E0}.Release|Any CPU.Build.0 = Release|Any CPU
		{E3C0A08A-56DA-4332-B507-C1520E1699E5}.Debug|Any CPU.ActiveCfg = Debug|Any CPU
		{E3C0A08A-56DA-4332-B507-C1520E1699E5}.Debug|Any CPU.Build.0 = Debug|Any CPU
		{E3C0A08A-56DA-4332-B507-C1520E1699E5}.Release|Any CPU.ActiveCfg = Release|Any CPU
		{E3C0A08A-56DA-4332-B507-C1520E1699E5}.Release|Any CPU.Build.0 = Release|Any CPU
		{76D0BB93-EDD3-4479-A05C-3D7D5D66E0B5}.Debug|Any CPU.ActiveCfg = Debug|Any CPU
		{76D0BB93-EDD3-4479-A05C-3D7D5D66E0B5}.Debug|Any CPU.Build.0 = Debug|Any CPU
		{76D0BB93-EDD3-4479-A05C-3D7D5D66E0B5}.Release|Any CPU.ActiveCfg = Release|Any CPU
		{76D0BB93-EDD3-4479-A05C-3D7D5D66E0B5}.Release|Any CPU.Build.0 = Release|Any CPU
		{34AE480E-538E-49A6-AB0F-B09D922193EE}.Debug|Any CPU.ActiveCfg = Debug|Any CPU
		{34AE480E-538E-49A6-AB0F-B09D922193EE}.Debug|Any CPU.Build.0 = Debug|Any CPU
		{34AE480E-538E-49A6-AB0F-B09D922193EE}.Release|Any CPU.ActiveCfg = Release|Any CPU
		{34AE480E-538E-49A6-AB0F-B09D922193EE}.Release|Any CPU.Build.0 = Release|Any CPU
		{CF719FA2-1900-4000-810C-BAC8C93664D7}.Debug|Any CPU.ActiveCfg = Debug|Any CPU
		{CF719FA2-1900-4000-810C-BAC8C93664D7}.Debug|Any CPU.Build.0 = Debug|Any CPU
		{CF719FA2-1900-4000-810C-BAC8C93664D7}.Release|Any CPU.ActiveCfg = Release|Any CPU
		{CF719FA2-1900-4000-810C-BAC8C93664D7}.Release|Any CPU.Build.0 = Release|Any CPU
		{4507E506-D165-4456-9672-910DB9580A50}.Debug|Any CPU.ActiveCfg = Debug|Any CPU
		{4507E506-D165-4456-9672-910DB9580A50}.Debug|Any CPU.Build.0 = Debug|Any CPU
		{4507E506-D165-4456-9672-910DB9580A50}.Release|Any CPU.ActiveCfg = Release|Any CPU
		{4507E506-D165-4456-9672-910DB9580A50}.Release|Any CPU.Build.0 = Release|Any CPU
		{BF53C1D1-A6AC-413F-8F2B-01918382350A}.Debug|Any CPU.ActiveCfg = Debug|Any CPU
		{BF53C1D1-A6AC-413F-8F2B-01918382350A}.Debug|Any CPU.Build.0 = Debug|Any CPU
		{BF53C1D1-A6AC-413F-8F2B-01918382350A}.Release|Any CPU.ActiveCfg = Release|Any CPU
		{BF53C1D1-A6AC-413F-8F2B-01918382350A}.Release|Any CPU.Build.0 = Release|Any CPU
	EndGlobalSection
	GlobalSection(SolutionProperties) = preSolution
		HideSolutionNode = FALSE
	EndGlobalSection
	GlobalSection(NestedProjects) = preSolution
		{F96FC4E8-9A1A-4EC4-A915-2A1023585A9A} = {A8F9035E-8102-439B-B8B4-58E334723DAC}
		{01C72F22-39D8-4104-B8EC-85D9E88310E0} = {A8F9035E-8102-439B-B8B4-58E334723DAC}
		{E3C0A08A-56DA-4332-B507-C1520E1699E5} = {A8F9035E-8102-439B-B8B4-58E334723DAC}
		{76D0BB93-EDD3-4479-A05C-3D7D5D66E0B5} = {FF7C1071-116A-4BD9-9210-21A42FEA0547}
		{34AE480E-538E-49A6-AB0F-B09D922193EE} = {FF7C1071-116A-4BD9-9210-21A42FEA0547}
		{CF719FA2-1900-4000-810C-BAC8C93664D7} = {FF7C1071-116A-4BD9-9210-21A42FEA0547}
		{4507E506-D165-4456-9672-910DB9580A50} = {FF7C1071-116A-4BD9-9210-21A42FEA0547}
		{BF53C1D1-A6AC-413F-8F2B-01918382350A} = {C086F07D-6A57-4126-89F2-D48FF8107A60}
	EndGlobalSection
	GlobalSection(ExtensibilityGlobals) = postSolution
		SolutionGuid = {26A29C9D-6EC4-4494-B42B-6B6C4D0568D7}
	EndGlobalSection
EndGlobal
